PODS:
  - MMStripeCardScan (1.3.0):
    - StripeCore (= 24.4.1)
  - StripeCore (24.4.1)

DEPENDENCIES:
  - MMStripeCardScan (from `../`)

SPEC REPOS:
  trunk:
    - StripeCore

EXTERNAL SOURCES:
  MMStripeCardScan:
    :path: "../"

SPEC CHECKSUMS:
  MMStripeCardScan: 4394f9a19264875142b5000e571e5b60bba68d5d
  StripeCore: a2c2f331cf2e105aaadda60416cf405da2d5232b

PODFILE CHECKSUM: 0e7fc7e941d98951d3e318256c34f690ec370ce9

COCOAPODS: 1.15.2
